{
    "_readme": [
        "This file locks the dependencies of your project to a known state",
        "Read more about it at https://getcomposer.org/doc/01-basic-usage.md#composer-lock-the-lock-file",
        "This file is @generated automatically"
    ],
    "hash": "0026bf3fb8e37e14b3534472c740eeda",
    "content-hash": "02dc72e2da7507040b6888a8255aa9d2",
    "packages": [
        {
            "name": "composer/installers",
            "version": "dev-master",
            "source": {
                "type": "git",
                "url": "https://github.com/composer/installers.git",
                "reference": "b840fd2500dacddf0da3e6e4726001aaf103a020"
            },
            "dist": {
                "type": "zip",
                "url": "https://api.github.com/repos/composer/installers/zipball/b840fd2500dacddf0da3e6e4726001aaf103a020",
                "reference": "b840fd2500dacddf0da3e6e4726001aaf103a020",
                "shasum": ""
            },
            "require": {
                "composer-plugin-api": "^1.0"
            },
            "replace": {
                "roundcube/plugin-installer": "*",
                "shama/baton": "*"
            },
            "require-dev": {
                "composer/composer": "1.0.*@dev",
                "phpunit/phpunit": "4.1.*"
            },
            "type": "composer-plugin",
            "extra": {
                "class": "Composer\\Installers\\Plugin",
                "branch-alias": {
                    "dev-master": "1.0-dev"
                }
            },
            "autoload": {
                "psr-4": {
                    "Composer\\Installers\\": "src/Composer/Installers"
                }
            },
            "notification-url": "https://packagist.org/downloads/",
            "license": [
                "MIT"
            ],
            "authors": [
                {
                    "name": "Kyle Robinson Young",
                    "email": "kyle@dontkry.com",
                    "homepage": "https://github.com/shama"
                }
            ],
            "description": "A multi-framework Composer library installer",
            "homepage": "https://composer.github.io/installers/",
            "keywords": [
                "Craft",
                "Dolibarr",
                "Hurad",
                "ImageCMS",
                "Kanboard",
                "MODX Evo",
                "Mautic",
                "OXID",
                "Plentymarkets",
                "Porto",
                "RadPHP",
                "SMF",
                "Thelia",
                "WolfCMS",
                "agl",
                "aimeos",
                "annotatecms",
                "attogram",
                "bitrix",
                "cakephp",
                "chef",
                "cockpit",
                "codeigniter",
                "concrete5",
                "croogo",
                "dokuwiki",
                "drupal",
                "elgg",
                "expressionengine",
                "fuelphp",
                "grav",
                "installer",
                "joomla",
                "kohana",
                "laravel",
                "lithium",
                "magento",
                "mako",
                "mediawiki",
                "modulework",
                "moodle",
                "phpbb",
                "piwik",
                "ppi",
                "puppet",
                "reindex",
                "roundcube",
                "shopware",
                "silverstripe",
                "symfony",
                "typo3",
                "wordpress",
                "yawik",
                "zend",
                "zikula"
            ],
            "time": "2016-11-23 19:56:18"
        }
    ],
    "packages-dev": [
        {
            "name": "unionofrad/lithium",
            "version": "1.1.x-dev",
            "source": {
                "type": "git",
                "url": "https://github.com/UnionOfRAD/lithium.git",
                "reference": "34492f464a9e36683b1170c1b11a5d480784d3c2"
            },
            "dist": {
                "type": "zip",
                "url": "https://api.github.com/repos/UnionOfRAD/lithium/zipball/34492f464a9e36683b1170c1b11a5d480784d3c2",
                "reference": "34492f464a9e36683b1170c1b11a5d480784d3c2",
                "shasum": ""
            },
            "require": {
                "composer/installers": "1.*",
                "php": ">=5.5.14 <7.0.0 || >=7.0.3"
            },
            "require-dev": {
                "unionofrad/li3_fixtures": "1.1.*@dev"
            },
            "bin": [
                "console/li3"
            ],
            "type": "lithium-library",
            "notification-url": "https://packagist.org/downloads/",
            "license": [
                "BSD-3-Clause"
            ],
            "authors": [
                {
                    "name": "Union of RAD"
                },
                {
                    "name": "The Community"
                }
            ],
            "description": "The core library of the Lithium PHP framework",
            "homepage": "http://li3.me",
            "keywords": [
                "framework",
                "li3",
                "lithium"
            ],
            "time": "2016-11-21 15:55:43"
        }
    ],
    "aliases": [],
    "minimum-stability": "dev",
    "stability-flags": {
        "composer/installers": 20
    },
    "prefer-stable": false,
    "prefer-lowest": false,
    "platform": [],
    "platform-dev": []
}
